
Microsoft Visual Studio Solution File, Format Version 12.00
# Visual Studio 15
VisualStudioVersion = 15.0.28307.852
MinimumVisualStudioVersion = 10.0.40219.1
Project("{FAE04EC0-301F-11D3-BF4B-00C04F79EFBC}") = "Depot.App", "Depot.App\Depot.App.csproj", "{1715D09D-77C4-4CFA-A391-CA59F9C21D50}"
EndProject
Project("{FAE04EC0-301F-11D3-BF4B-00C04F79EFBC}") = "Depot.Business", "Depot.Business\Depot.Business.csproj", "{17630201-BE0E-49DD-B356-5D1D30848138}"
EndProject
Project("{FAE04EC0-301F-11D3-BF4B-00C04F79EFBC}") = "Depot.Data", "Depot.Data\Depot.Data.csproj", "{497EA272-5B9D-4A36-99D0-8F80CCE188B4}"
EndProject
Global
	GlobalSection(SolutionConfigurationPlatforms) = preSolution
		Debug|Any CPU = Debug|Any CPU
		Release|Any CPU = Release|Any CPU
	EndGlobalSection
	GlobalSection(ProjectConfigurationPlatforms) = postSolution
		{1715D09D-77C4-4CFA-A391-CA59F9C21D50}.Debug|Any CPU.ActiveCfg = Debug|Any CPU
		{1715D09D-77C4-4CFA-A391-CA59F9C21D50}.Debug|Any CPU.Build.0 = Debug|Any CPU
		{1715D09D-77C4-4CFA-A391-CA59F9C21D50}.Release|Any CPU.ActiveCfg = Release|Any CPU
		{1715D09D-77C4-4CFA-A391-CA59F9C21D50}.Release|Any CPU.Build.0 = Release|Any CPU
		{17630201-BE0E-49DD-B356-5D1D30848138}.Debug|Any CPU.ActiveCfg = Debug|Any CPU
		{17630201-BE0E-49DD-B356-5D1D30848138}.Debug|Any CPU.Build.0 = Debug|Any CPU
		{17630201-BE0E-49DD-B356-5D1D30848138}.Release|Any CPU.ActiveCfg = Release|Any CPU
		{17630201-BE0E-49DD-B356-5D1D30848138}.Release|Any CPU.Build.0 = Release|Any CPU
		{497EA272-5B9D-4A36-99D0-8F80CCE188B4}.Debug|Any CPU.ActiveCfg = Debug|Any CPU
		{497EA272-5B9D-4A36-99D0-8F80CCE188B4}.Debug|Any CPU.Build.0 = Debug|Any CPU
		{497EA272-5B9D-4A36-99D0-8F80CCE188B4}.Release|Any CPU.ActiveCfg = Release|Any CPU
		{497EA272-5B9D-4A36-99D0-8F80CCE188B4}.Release|Any CPU.Build.0 = Release|Any CPU
	EndGlobalSection
	GlobalSection(SolutionProperties) = preSolution
		HideSolutionNode = FALSE
	EndGlobalSection
	GlobalSection(ExtensibilityGlobals) = postSolution
		SolutionGuid = {D3C345EF-AA43-4510-BB41-1962447FB774}
	EndGlobalSection
EndGlobal
